<?xml version="1.0" encoding="utf-8"?>
<Project ToolsVersion="4.0" xmlns="http://schemas.microsoft.com/developer/msbuild/2003">
  <ItemGroup>
    <ClCompile Include="DX9MapEditor.cpp" />
    <ClCompile Include="DX9Map.cpp" />
    <ClCompile Include="Main.cpp" />
    <ClCompile Include="Core\DX9Base.cpp">
      <Filter>Core</Filter>
    </ClCompile>
    <ClCompile Include="Core\DX9Image.cpp">
      <Filter>Core</Filter>
    </ClCompile>
    <ClCompile Include="Core\DX9Input.cpp">
      <Filter>Core</Filter>
    </ClCompile>
    <ClCompile Include="Core\DX9Line.cpp">
      <Filter>Core</Filter>
    </ClCompile>
    <ClCompile Include="DX9TileSelector.cpp" />
  </ItemGroup>
  <ItemGroup>
    <ClInclude Include="DX9MapEditor.h" />
    <ClInclude Include="DX9Map.h" />
    <ClInclude Include="Core\DX9Base.h">
      <Filter>Core</Filter>
    </ClInclude>
    <ClInclude Include="Core\DX9Common.h">
      <Filter>Core</Filter>
    </ClInclude>
    <ClInclude Include="Core\DX9Image.h">
      <Filter>Core</Filter>
    </ClInclude>
    <ClInclude Include="Core\DX9Input.h">
      <Filter>Core</Filter>
    </ClInclude>
    <ClInclude Include="Core\DX9Line.h">
      <Filter>Core</Filter>
    </ClInclude>
    <ClInclude Include="resource.h">
      <Filter>리소스</Filter>
    </ClInclude>
    <ClInclude Include="DX9TileSelector.h" />
  </ItemGroup>
  <ItemGroup>
    <Filter Include="Core">
      <UniqueIdentifier>{63c6e398-8b34-4389-b248-aa94cf07b7c3}</UniqueIdentifier>
    </Filter>
    <Filter Include="리소스">
      <UniqueIdentifier>{4ee979aa-f146-4ba6-ac02-99627c41a066}</UniqueIdentifier>
    </Filter>
  </ItemGroup>
  <ItemGroup>
    <ResourceCompile Include="DX9MapEditor2D.rc">
      <Filter>리소스</Filter>
    </ResourceCompile>
  </ItemGroup>
</Project>